{
	"name": "mmm-tvheadenddvr",
	"version": "1.1.0",
	"lockfileVersion": 1,
	"requires": true,
	"dependencies": {
		"base-64": {
			"version": "0.1.0",
			"resolved": "https://registry.npmjs.org/base-64/-/base-64-0.1.0.tgz",
			"integrity": "sha1-eAqZyE59YAJgNhURxId2E78k9rs="
		},
		"crypto-js": {
			"version": "3.3.0",
			"resolved": "https://registry.npmjs.org/crypto-js/-/crypto-js-3.3.0.tgz",
			"integrity": "sha512-DIT51nX0dCfKltpRiXV+/TVZq+Qq2NgF4644+K7Ttnla7zEzqc+kjJyiB96BHNyUTBxyjzRcZYpUdZa+QAqi6Q=="
		},
		"digest-fetch": {
			"version": "1.1.6",
			"resolved": "https://registry.npmjs.org/digest-fetch/-/digest-fetch-1.1.6.tgz",
			"integrity": "sha512-CFNX4+TkxecH2L2bw6tI9RAJ7xQuE3j/fDxZe6HOyazR5lhGhF76Pxhb0/Lam3vtGsZPop3RMXydWsNZ//TJwA==",
			"requires": {
				"base-64": "^0.1.0",
				"crypto-js": "^3.1.9-1"
			}
		}
	}
}
